// !$*UTF8*$!
{
	archiveVersion = 1;
	classes = {
	};
	objectVersion = 46;
	objects = {

/* Begin PBXBuildFile section */
		79227B13154500B800E893DC /* poster@2x.png in Resources */ = {isa = PBXBuildFile; fileRef = 79227B12154500B700E893DC /* poster@2x.png */; };
		79227B15154506DE00E893DC /* facebook.png in Resources */ = {isa = PBXBuildFile; fileRef = 79227B14154506DE00E893DC /* facebook.png */; };
		79227B171545073800E893DC /* facebook@2x.png in Resources */ = {isa = PBXBuildFile; fileRef = 79227B161545073800E893DC /* facebook@2x.png */; };
		79227B1A154516C800E893DC /* Icon.png in Resources */ = {isa = PBXBuildFile; fileRef = 79227B18154516C700E893DC /* Icon.png */; };
		79227B1B154516C800E893DC /* Icon@2x.png in Resources */ = {isa = PBXBuildFile; fileRef = 79227B19154516C700E893DC /* Icon@2x.png */; };
		79227B1E15452A8500E893DC /* leather.png in Resources */ = {isa = PBXBuildFile; fileRef = 79227B1C15452A8500E893DC /* leather.png */; };
		79227B1F15452A8500E893DC /* leather@2x.png in Resources */ = {isa = PBXBuildFile; fileRef = 79227B1D15452A8500E893DC /* leather@2x.png */; };
		795095D41544EFF100BD8A5C /* rock_background.png in Resources */ = {isa = PBXBuildFile; fileRef = 795095D21544EFF100BD8A5C /* rock_background.png */; };
		795095D51544EFF100BD8A5C /* rock_background@2x.png in Resources */ = {isa = PBXBuildFile; fileRef = 795095D31544EFF100BD8A5C /* rock_background@2x.png */; };
		7979F91815461704001BDF08 /* back.png in Resources */ = {isa = PBXBuildFile; fileRef = 7979F91615461704001BDF08 /* back.png */; };
		7979F91915461704001BDF08 /* back@2x.png in Resources */ = {isa = PBXBuildFile; fileRef = 7979F91715461704001BDF08 /* back@2x.png */; };
		7979F91D15461C9E001BDF08 /* BandViewController.m in Sources */ = {isa = PBXBuildFile; fileRef = 7979F91C15461C9E001BDF08 /* BandViewController.m */; };
		7979F92015462888001BDF08 /* hidden_view.png in Resources */ = {isa = PBXBuildFile; fileRef = 7979F91E15462888001BDF08 /* hidden_view.png */; };
		7979F92115462888001BDF08 /* hidden_view@2x.png in Resources */ = {isa = PBXBuildFile; fileRef = 7979F91F15462888001BDF08 /* hidden_view@2x.png */; };
		79BFD8F615449A3900327A05 /* poster.png in Resources */ = {isa = PBXBuildFile; fileRef = 79BFD8F515449A3900327A05 /* poster.png */; };
		79BFD8F915449FB200327A05 /* PosterViewController.m in Sources */ = {isa = PBXBuildFile; fileRef = 79BFD8F815449FB200327A05 /* PosterViewController.m */; };
		79D27E501543D14B0060AB6E /* README.md in Resources */ = {isa = PBXBuildFile; fileRef = 79D27E4F1543D14B0060AB6E /* README.md */; };
		79F9665C154385F9006CFC6E /* UIKit.framework in Frameworks */ = {isa = PBXBuildFile; fileRef = 79F9665B154385F9006CFC6E /* UIKit.framework */; };
		79F9665E154385F9006CFC6E /* Foundation.framework in Frameworks */ = {isa = PBXBuildFile; fileRef = 79F9665D154385F9006CFC6E /* Foundation.framework */; };
		79F96660154385F9006CFC6E /* CoreGraphics.framework in Frameworks */ = {isa = PBXBuildFile; fileRef = 79F9665F154385F9006CFC6E /* CoreGraphics.framework */; };
		79F96666154385F9006CFC6E /* InfoPlist.strings in Resources */ = {isa = PBXBuildFile; fileRef = 79F96664154385F9006CFC6E /* InfoPlist.strings */; };
		79F96668154385F9006CFC6E /* main.m in Sources */ = {isa = PBXBuildFile; fileRef = 79F96667154385F9006CFC6E /* main.m */; };
		79F9666C154385F9006CFC6E /* MaconMusicAppDelegate.m in Sources */ = {isa = PBXBuildFile; fileRef = 79F9666B154385F9006CFC6E /* MaconMusicAppDelegate.m */; };
		79F9666E154385F9006CFC6E /* HorizontalScroll.entitlements in Resources */ = {isa = PBXBuildFile; fileRef = 79F9666D154385F9006CFC6E /* HorizontalScroll.entitlements */; };
		79F96671154385F9006CFC6E /* MainStoryboard.storyboard in Resources */ = {isa = PBXBuildFile; fileRef = 79F9666F154385F9006CFC6E /* MainStoryboard.storyboard */; };
		79F96674154385F9006CFC6E /* HorizontalViewController.m in Sources */ = {isa = PBXBuildFile; fileRef = 79F96673154385F9006CFC6E /* HorizontalViewController.m */; };
/* End PBXBuildFile section */

/* Begin PBXFileReference section */
		79227B12154500B700E893DC /* poster@2x.png */ = {isa = PBXFileReference; lastKnownFileType = image.png; path = "poster@2x.png"; sourceTree = "<group>"; };
		79227B14154506DE00E893DC /* facebook.png */ = {isa = PBXFileReference; lastKnownFileType = image.png; path = facebook.png; sourceTree = "<group>"; };
		79227B161545073800E893DC /* facebook@2x.png */ = {isa = PBXFileReference; lastKnownFileType = image.png; path = "facebook@2x.png"; sourceTree = "<group>"; };
		79227B18154516C700E893DC /* Icon.png */ = {isa = PBXFileReference; lastKnownFileType = image.png; path = Icon.png; sourceTree = "<group>"; };
		79227B19154516C700E893DC /* Icon@2x.png */ = {isa = PBXFileReference; lastKnownFileType = image.png; path = "Icon@2x.png"; sourceTree = "<group>"; };
		79227B1C15452A8500E893DC /* leather.png */ = {isa = PBXFileReference; lastKnownFileType = image.png; path = leather.png; sourceTree = "<group>"; };
		79227B1D15452A8500E893DC /* leather@2x.png */ = {isa = PBXFileReference; lastKnownFileType = image.png; path = "leather@2x.png"; sourceTree = "<group>"; };
		795095D21544EFF100BD8A5C /* rock_background.png */ = {isa = PBXFileReference; lastKnownFileType = image.png; path = rock_background.png; sourceTree = "<group>"; };
		795095D31544EFF100BD8A5C /* rock_background@2x.png */ = {isa = PBXFileReference; lastKnownFileType = image.png; path = "rock_background@2x.png"; sourceTree = "<group>"; };
		7979F91615461704001BDF08 /* back.png */ = {isa = PBXFileReference; lastKnownFileType = image.png; path = back.png; sourceTree = "<group>"; };
		7979F91715461704001BDF08 /* back@2x.png */ = {isa = PBXFileReference; lastKnownFileType = image.png; path = "back@2x.png"; sourceTree = "<group>"; };
		7979F91B15461C9E001BDF08 /* BandViewController.h */ = {isa = PBXFileReference; fileEncoding = 4; lastKnownFileType = sourcecode.c.h; path = BandViewController.h; sourceTree = "<group>"; };
		7979F91C15461C9E001BDF08 /* BandViewController.m */ = {isa = PBXFileReference; fileEncoding = 4; lastKnownFileType = sourcecode.c.objc; path = BandViewController.m; sourceTree = "<group>"; };
		7979F91E15462888001BDF08 /* hidden_view.png */ = {isa = PBXFileReference; lastKnownFileType = image.png; path = hidden_view.png; sourceTree = "<group>"; };
		7979F91F15462888001BDF08 /* hidden_view@2x.png */ = {isa = PBXFileReference; lastKnownFileType = image.png; path = "hidden_view@2x.png"; sourceTree = "<group>"; };
		79BFD8F515449A3900327A05 /* poster.png */ = {isa = PBXFileReference; lastKnownFileType = image.png; path = poster.png; sourceTree = "<group>"; };
		79BFD8F715449FB200327A05 /* PosterViewController.h */ = {isa = PBXFileReference; fileEncoding = 4; lastKnownFileType = sourcecode.c.h; path = PosterViewController.h; sourceTree = "<group>"; };
		79BFD8F815449FB200327A05 /* PosterViewController.m */ = {isa = PBXFileReference; fileEncoding = 4; lastKnownFileType = sourcecode.c.objc; path = PosterViewController.m; sourceTree = "<group>"; };
		79D26624154DCF0700466DCB /* Macon Music.entitlements */ = {isa = PBXFileReference; lastKnownFileType = text.xml; path = "Macon Music.entitlements"; sourceTree = SOURCE_ROOT; };
		79D27E4F1543D14B0060AB6E /* README.md */ = {isa = PBXFileReference; fileEncoding = 4; lastKnownFileType = text; path = README.md; sourceTree = "<group>"; };
		79F96657154385F9006CFC6E /* Macon Music.app */ = {isa = PBXFileReference; explicitFileType = wrapper.application; includeInIndex = 0; path = "Macon Music.app"; sourceTree = BUILT_PRODUCTS_DIR; };
		79F9665B154385F9006CFC6E /* UIKit.framework */ = {isa = PBXFileReference; lastKnownFileType = wrapper.framework; name = UIKit.framework; path = System/Library/Frameworks/UIKit.framework; sourceTree = SDKROOT; };
		79F9665D154385F9006CFC6E /* Foundation.framework */ = {isa = PBXFileReference; lastKnownFileType = wrapper.framework; name = Foundation.framework; path = System/Library/Frameworks/Foundation.framework; sourceTree = SDKROOT; };
		79F9665F154385F9006CFC6E /* CoreGraphics.framework */ = {isa = PBXFileReference; lastKnownFileType = wrapper.framework; name = CoreGraphics.framework; path = System/Library/Frameworks/CoreGraphics.framework; sourceTree = SDKROOT; };
		79F96663154385F9006CFC6E /* Macon Music-Info.plist */ = {isa = PBXFileReference; lastKnownFileType = text.plist.xml; path = "Macon Music-Info.plist"; sourceTree = "<group>"; };
		79F96665154385F9006CFC6E /* en */ = {isa = PBXFileReference; lastKnownFileType = text.plist.strings; name = en; path = en.lproj/InfoPlist.strings; sourceTree = "<group>"; };
		79F96667154385F9006CFC6E /* main.m */ = {isa = PBXFileReference; lastKnownFileType = sourcecode.c.objc; path = main.m; sourceTree = "<group>"; };
		79F96669154385F9006CFC6E /* Macon Music-Prefix.pch */ = {isa = PBXFileReference; lastKnownFileType = sourcecode.c.h; path = "Macon Music-Prefix.pch"; sourceTree = "<group>"; };
		79F9666A154385F9006CFC6E /* MaconMusicAppDelegate.h */ = {isa = PBXFileReference; lastKnownFileType = sourcecode.c.h; path = MaconMusicAppDelegate.h; sourceTree = "<group>"; };
		79F9666B154385F9006CFC6E /* MaconMusicAppDelegate.m */ = {isa = PBXFileReference; lastKnownFileType = sourcecode.c.objc; path = MaconMusicAppDelegate.m; sourceTree = "<group>"; };
		79F9666D154385F9006CFC6E /* HorizontalScroll.entitlements */ = {isa = PBXFileReference; lastKnownFileType = text.xml; path = HorizontalScroll.entitlements; sourceTree = "<group>"; };
		79F96670154385F9006CFC6E /* en */ = {isa = PBXFileReference; lastKnownFileType = file.storyboard; name = en; path = en.lproj/MainStoryboard.storyboard; sourceTree = "<group>"; };
		79F96672154385F9006CFC6E /* HorizontalViewController.h */ = {isa = PBXFileReference; lastKnownFileType = sourcecode.c.h; path = HorizontalViewController.h; sourceTree = "<group>"; };
		79F96673154385F9006CFC6E /* HorizontalViewController.m */ = {isa = PBXFileReference; lastKnownFileType = sourcecode.c.objc; path = HorizontalViewController.m; sourceTree = "<group>"; };
/* End PBXFileReference section */

/* Begin PBXFrameworksBuildPhase section */
		79F96654154385F9006CFC6E /* Frameworks */ = {
			isa = PBXFrameworksBuildPhase;
			buildActionMask = 2147483647;
			files = (
				79F9665C154385F9006CFC6E /* UIKit.framework in Frameworks */,
				79F9665E154385F9006CFC6E /* Foundation.framework in Frameworks */,
				79F96660154385F9006CFC6E /* CoreGraphics.framework in Frameworks */,
			);
			runOnlyForDeploymentPostprocessing = 0;
		};
/* End PBXFrameworksBuildPhase section */

/* Begin PBXGroup section */
		795AFE671544C34B00E27632 /* Images */ = {
			isa = PBXGroup;
			children = (
				79227B18154516C700E893DC /* Icon.png */,
				79227B19154516C700E893DC /* Icon@2x.png */,
				7979F91615461704001BDF08 /* back.png */,
				7979F91715461704001BDF08 /* back@2x.png */,
				79227B14154506DE00E893DC /* facebook.png */,
				79227B161545073800E893DC /* facebook@2x.png */,
				79227B1C15452A8500E893DC /* leather.png */,
				79227B1D15452A8500E893DC /* leather@2x.png */,
				79BFD8F515449A3900327A05 /* poster.png */,
				79227B12154500B700E893DC /* poster@2x.png */,
				795095D21544EFF100BD8A5C /* rock_background.png */,
				795095D31544EFF100BD8A5C /* rock_background@2x.png */,
				7979F91E15462888001BDF08 /* hidden_view.png */,
				7979F91F15462888001BDF08 /* hidden_view@2x.png */,
			);
			name = Images;
			sourceTree = "<group>";
		};
		79D27E551543DE790060AB6E /* Views */ = {
			isa = PBXGroup;
			children = (
				79F9666F154385F9006CFC6E /* MainStoryboard.storyboard */,
				795AFE671544C34B00E27632 /* Images */,
			);
			name = Views;
			sourceTree = "<group>";
		};
		79D27E561543DE7C0060AB6E /* Controllers */ = {
			isa = PBXGroup;
			children = (
				7979F91B15461C9E001BDF08 /* BandViewController.h */,
				7979F91C15461C9E001BDF08 /* BandViewController.m */,
				79F96672154385F9006CFC6E /* HorizontalViewController.h */,
				79F96673154385F9006CFC6E /* HorizontalViewController.m */,
				79BFD8F715449FB200327A05 /* PosterViewController.h */,
				79BFD8F815449FB200327A05 /* PosterViewController.m */,
			);
			name = Controllers;
			sourceTree = "<group>";
		};
		79F9664C154385F9006CFC6E = {
			isa = PBXGroup;
			children = (
				79D27E4F1543D14B0060AB6E /* README.md */,
				79F96661154385F9006CFC6E /* Macon Music */,
				79F9665A154385F9006CFC6E /* Frameworks */,
				79F96658154385F9006CFC6E /* Products */,
			);
			sourceTree = "<group>";
		};
		79F96658154385F9006CFC6E /* Products */ = {
			isa = PBXGroup;
			children = (
				79F96657154385F9006CFC6E /* Macon Music.app */,
			);
			name = Products;
			sourceTree = "<group>";
		};
		79F9665A154385F9006CFC6E /* Frameworks */ = {
			isa = PBXGroup;
			children = (
				79F9665B154385F9006CFC6E /* UIKit.framework */,
				79F9665D154385F9006CFC6E /* Foundation.framework */,
				79F9665F154385F9006CFC6E /* CoreGraphics.framework */,
			);
			name = Frameworks;
			sourceTree = "<group>";
		};
		79F96661154385F9006CFC6E /* Macon Music */ = {
			isa = PBXGroup;
			children = (
				79D26624154DCF0700466DCB /* Macon Music.entitlements */,
				79F9666A154385F9006CFC6E /* MaconMusicAppDelegate.h */,
				79F9666B154385F9006CFC6E /* MaconMusicAppDelegate.m */,
				79D27E561543DE7C0060AB6E /* Controllers */,
				79D27E551543DE790060AB6E /* Views */,
				79F96662154385F9006CFC6E /* Supporting Files */,
			);
			name = "Macon Music";
			path = "Macon Music";
			sourceTree = "<group>";
		};
		79F96662154385F9006CFC6E /* Supporting Files */ = {
			isa = PBXGroup;
			children = (
				79F96663154385F9006CFC6E /* Macon Music-Info.plist */,
				79F96664154385F9006CFC6E /* InfoPlist.strings */,
				79F96667154385F9006CFC6E /* main.m */,
				79F96669154385F9006CFC6E /* Macon Music-Prefix.pch */,
				79F9666D154385F9006CFC6E /* HorizontalScroll.entitlements */,
			);
			name = "Supporting Files";
			sourceTree = "<group>";
		};
/* End PBXGroup section */

/* Begin PBXNativeTarget section */
		79F96656154385F9006CFC6E /* Macon Music */ = {
			isa = PBXNativeTarget;
			buildConfigurationList = 79F96677154385F9006CFC6E /* Build configuration list for PBXNativeTarget "Macon Music" */;
			buildPhases = (
				79F96653154385F9006CFC6E /* Sources */,
				79F96654154385F9006CFC6E /* Frameworks */,
				79F96655154385F9006CFC6E /* Resources */,
			);
			buildRules = (
			);
			dependencies = (
			);
			name = "Macon Music";
			productName = HorizontalScroll;
			productReference = 79F96657154385F9006CFC6E /* Macon Music.app */;
			productType = "com.apple.product-type.application";
		};
/* End PBXNativeTarget section */

/* Begin PBXProject section */
		79F9664E154385F9006CFC6E /* Project object */ = {
			isa = PBXProject;
			attributes = {
				CLASSPREFIX = Horizontal;
				LastUpgradeCheck = 0440;
				ORGANIZATIONNAME = "Zach Williams";
			};
			buildConfigurationList = 79F96651154385F9006CFC6E /* Build configuration list for PBXProject "Macon Music" */;
			compatibilityVersion = "Xcode 3.2";
			developmentRegion = English;
			hasScannedForEncodings = 0;
			knownRegions = (
				en,
			);
			mainGroup = 79F9664C154385F9006CFC6E;
			productRefGroup = 79F96658154385F9006CFC6E /* Products */;
			projectDirPath = "";
			projectRoot = "";
			targets = (
				79F96656154385F9006CFC6E /* Macon Music */,
			);
		};
/* End PBXProject section */

/* Begin PBXResourcesBuildPhase section */
		79F96655154385F9006CFC6E /* Resources */ = {
			isa = PBXResourcesBuildPhase;
			buildActionMask = 2147483647;
			files = (
				79F96666154385F9006CFC6E /* InfoPlist.strings in Resources */,
				79F9666E154385F9006CFC6E /* HorizontalScroll.entitlements in Resources */,
				79F96671154385F9006CFC6E /* MainStoryboard.storyboard in Resources */,
				79D27E501543D14B0060AB6E /* README.md in Resources */,
				79BFD8F615449A3900327A05 /* poster.png in Resources */,
				795095D41544EFF100BD8A5C /* rock_background.png in Resources */,
				795095D51544EFF100BD8A5C /* rock_background@2x.png in Resources */,
				79227B13154500B800E893DC /* poster@2x.png in Resources */,
				79227B15154506DE00E893DC /* facebook.png in Resources */,
				79227B171545073800E893DC /* facebook@2x.png in Resources */,
				79227B1A154516C800E893DC /* Icon.png in Resources */,
				79227B1B154516C800E893DC /* Icon@2x.png in Resources */,
				79227B1E15452A8500E893DC /* leather.png in Resources */,
				79227B1F15452A8500E893DC /* leather@2x.png in Resources */,
				7979F91815461704001BDF08 /* back.png in Resources */,
				7979F91915461704001BDF08 /* back@2x.png in Resources */,
				7979F92015462888001BDF08 /* hidden_view.png in Resources */,
				7979F92115462888001BDF08 /* hidden_view@2x.png in Resources */,
			);
			runOnlyForDeploymentPostprocessing = 0;
		};
/* End PBXResourcesBuildPhase section */

/* Begin PBXSourcesBuildPhase section */
		79F96653154385F9006CFC6E /* Sources */ = {
			isa = PBXSourcesBuildPhase;
			buildActionMask = 2147483647;
			files = (
				79F96668154385F9006CFC6E /* main.m in Sources */,
				79F9666C154385F9006CFC6E /* MaconMusicAppDelegate.m in Sources */,
				79F96674154385F9006CFC6E /* HorizontalViewController.m in Sources */,
				79BFD8F915449FB200327A05 /* PosterViewController.m in Sources */,
				7979F91D15461C9E001BDF08 /* BandViewController.m in Sources */,
			);
			runOnlyForDeploymentPostprocessing = 0;
		};
/* End PBXSourcesBuildPhase section */

/* Begin PBXVariantGroup section */
		79F96664154385F9006CFC6E /* InfoPlist.strings */ = {
			isa = PBXVariantGroup;
			children = (
				79F96665154385F9006CFC6E /* en */,
			);
			name = InfoPlist.strings;
			sourceTree = "<group>";
		};
		79F9666F154385F9006CFC6E /* MainStoryboard.storyboard */ = {
			isa = PBXVariantGroup;
			children = (
				79F96670154385F9006CFC6E /* en */,
			);
			name = MainStoryboard.storyboard;
			sourceTree = "<group>";
		};
/* End PBXVariantGroup section */

/* Begin XCBuildConfiguration section */
		79F96675154385F9006CFC6E /* Debug */ = {
			isa = XCBuildConfiguration;
			buildSettings = {
				ALWAYS_SEARCH_USER_PATHS = NO;
				ARCHS = "$(ARCHS_STANDARD_32_BIT)";
				CLANG_ENABLE_OBJC_ARC = YES;
				CLANG_WARN__DUPLICATE_METHOD_MATCH = YES;
				"CODE_SIGN_IDENTITY[sdk=iphoneos*]" = "iPhone Developer";
				COPY_PHASE_STRIP = NO;
				GCC_C_LANGUAGE_STANDARD = gnu99;
				GCC_DYNAMIC_NO_PIC = NO;
				GCC_OPTIMIZATION_LEVEL = 0;
				GCC_PREPROCESSOR_DEFINITIONS = (
					"DEBUG=1",
					"$(inherited)",
				);
				GCC_SYMBOLS_PRIVATE_EXTERN = NO;
				GCC_VERSION = com.apple.compilers.llvm.clang.1_0;
				GCC_WARN_ABOUT_RETURN_TYPE = YES;
				GCC_WARN_UNINITIALIZED_AUTOS = YES;
				GCC_WARN_UNUSED_VARIABLE = YES;
				IPHONEOS_DEPLOYMENT_TARGET = 5.1;
				SDKROOT = iphoneos;
			};
			name = Debug;
		};
		79F96676154385F9006CFC6E /* Release */ = {
			isa = XCBuildConfiguration;
			buildSettings = {
				ALWAYS_SEARCH_USER_PATHS = NO;
				ARCHS = "$(ARCHS_STANDARD_32_BIT)";
				CLANG_ENABLE_OBJC_ARC = YES;
				CLANG_WARN__DUPLICATE_METHOD_MATCH = YES;
				"CODE_SIGN_IDENTITY[sdk=iphoneos*]" = "iPhone Developer";
				COPY_PHASE_STRIP = YES;
				GCC_C_LANGUAGE_STANDARD = gnu99;
				GCC_VERSION = com.apple.compilers.llvm.clang.1_0;
				GCC_WARN_ABOUT_RETURN_TYPE = YES;
				GCC_WARN_UNINITIALIZED_AUTOS = YES;
				GCC_WARN_UNUSED_VARIABLE = YES;
				IPHONEOS_DEPLOYMENT_TARGET = 5.1;
				OTHER_CFLAGS = "-DNS_BLOCK_ASSERTIONS=1";
				SDKROOT = iphoneos;
				VALIDATE_PRODUCT = YES;
			};
			name = Release;
		};
		79F96678154385F9006CFC6E /* Debug */ = {
			isa = XCBuildConfiguration;
			buildSettings = {
				CODE_SIGN_ENTITLEMENTS = "Macon Music.entitlements";
				GCC_PRECOMPILE_PREFIX_HEADER = YES;
				GCC_PREFIX_HEADER = "HorizontalScroll/Macon Music-Prefix.pch";
				INFOPLIST_FILE = "HorizontalScroll/Macon Music-Info.plist";
				PRODUCT_NAME = "Macon Music";
				WRAPPER_EXTENSION = app;
			};
			name = Debug;
		};
		79F96679154385F9006CFC6E /* Release */ = {
			isa = XCBuildConfiguration;
			buildSettings = {
				CODE_SIGN_ENTITLEMENTS = "Macon Music.entitlements";
				GCC_PRECOMPILE_PREFIX_HEADER = YES;
				GCC_PREFIX_HEADER = "HorizontalScroll/Macon Music-Prefix.pch";
				INFOPLIST_FILE = "HorizontalScroll/Macon Music-Info.plist";
				PRODUCT_NAME = "Macon Music";
				WRAPPER_EXTENSION = app;
			};
			name = Release;
		};
/* End XCBuildConfiguration section */

/* Begin XCConfigurationList section */
		79F96651154385F9006CFC6E /* Build configuration list for PBXProject "Macon Music" */ = {
			isa = XCConfigurationList;
			buildConfigurations = (
				79F96675154385F9006CFC6E /* Debug */,
				79F96676154385F9006CFC6E /* Release */,
			);
			defaultConfigurationIsVisible = 0;
			defaultConfigurationName = Release;
		};
		79F96677154385F9006CFC6E /* Build configuration list for PBXNativeTarget "Macon Music" */ = {
			isa = XCConfigurationList;
			buildConfigurations = (
				79F96678154385F9006CFC6E /* Debug */,
				79F96679154385F9006CFC6E /* Release */,
			);
			defaultConfigurationIsVisible = 0;
			defaultConfigurationName = Release;
		};
/* End XCConfigurationList section */
	};
	rootObject = 79F9664E154385F9006CFC6E /* Project object */;
}
